
Microsoft Visual Studio Solution File, Format Version 12.00
# Visual Studio 15
VisualStudioVersion = 15.0.27428.2043
MinimumVisualStudioVersion = 10.0.40219.1
Project("{FAE04EC0-301F-11D3-BF4B-00C04F79EFBC}") = "HomeWork_Akhmerov", "HomeWork_Akhmerov\HomeWork_Akhmerov.csproj", "{505CB81A-A710-49D6-9DA0-071919174465}"
EndProject
Global
	GlobalSection(SolutionConfigurationPlatforms) = preSolution
		Debug|Any CPU = Debug|Any CPU
		Release|Any CPU = Release|Any CPU
	EndGlobalSection
	GlobalSection(ProjectConfigurationPlatforms) = postSolution
		{505CB81A-A710-49D6-9DA0-071919174465}.Debug|Any CPU.ActiveCfg = Debug|Any CPU
		{505CB81A-A710-49D6-9DA0-071919174465}.Debug|Any CPU.Build.0 = Debug|Any CPU
		{505CB81A-A710-49D6-9DA0-071919174465}.Release|Any CPU.ActiveCfg = Release|Any CPU
		{505CB81A-A710-49D6-9DA0-071919174465}.Release|Any CPU.Build.0 = Release|Any CPU
	EndGlobalSection
	GlobalSection(SolutionProperties) = preSolution
		HideSolutionNode = FALSE
	EndGlobalSection
	GlobalSection(ExtensibilityGlobals) = postSolution
		SolutionGuid = {DCCFBD15-5DF4-49C3-B76C-A213E451B424}
	EndGlobalSection
EndGlobal
